
Microsoft Visual Studio Solution File, Format Version 12.00
# Visual Studio Version 17
VisualStudioVersion = 17.9.34616.47
MinimumVisualStudioVersion = 10.0.40219.1
Project("{FAE04EC0-301F-11D3-BF4B-00C04F79EFBC}") = "AnimacjaKomputerowa", "AnimacjaKomputerowa\AnimacjaKomputerowa.csproj", "{B92D7B98-2182-49CD-B5A0-693FB27725E2}"
EndProject
Global
	GlobalSection(SolutionConfigurationPlatforms) = preSolution
		Debug|Any CPU = Debug|Any CPU
		Release|Any CPU = Release|Any CPU
	EndGlobalSection
	GlobalSection(ProjectConfigurationPlatforms) = postSolution
		{B92D7B98-2182-49CD-B5A0-693FB27725E2}.Debug|Any CPU.ActiveCfg = Debug|Any CPU
		{B92D7B98-2182-49CD-B5A0-693FB27725E2}.Debug|Any CPU.Build.0 = Debug|Any CPU
		{B92D7B98-2182-49CD-B5A0-693FB27725E2}.Release|Any CPU.ActiveCfg = Release|Any CPU
		{B92D7B98-2182-49CD-B5A0-693FB27725E2}.Release|Any CPU.Build.0 = Release|Any CPU
	EndGlobalSection
	GlobalSection(SolutionProperties) = preSolution
		HideSolutionNode = FALSE
	EndGlobalSection
	GlobalSection(ExtensibilityGlobals) = postSolution
		SolutionGuid = {FC3372F2-EDA1-45E3-9114-FE7EFD7569E2}
	EndGlobalSection
EndGlobal
